
Microsoft Visual Studio Solution File, Format Version 12.00
# Visual Studio Version 17
VisualStudioVersion = 17.11.35327.3
MinimumVisualStudioVersion = 10.0.40219.1
Project("{FAE04EC0-301F-11D3-BF4B-00C04F79EFBC}") = "Student Grading System", "Student Grading System\Student Grading System.csproj", "{6B865316-12CB-45FA-AEF2-8114387CA15F}"
EndProject
Global
	GlobalSection(SolutionConfigurationPlatforms) = preSolution
		Debug|Any CPU = Debug|Any CPU
		Release|Any CPU = Release|Any CPU
	EndGlobalSection
	GlobalSection(ProjectConfigurationPlatforms) = postSolution
		{6B865316-12CB-45FA-AEF2-8114387CA15F}.Debug|Any CPU.ActiveCfg = Debug|Any CPU
		{6B865316-12CB-45FA-AEF2-8114387CA15F}.Debug|Any CPU.Build.0 = Debug|Any CPU
		{6B865316-12CB-45FA-AEF2-8114387CA15F}.Release|Any CPU.ActiveCfg = Release|Any CPU
		{6B865316-12CB-45FA-AEF2-8114387CA15F}.Release|Any CPU.Build.0 = Release|Any CPU
	EndGlobalSection
	GlobalSection(SolutionProperties) = preSolution
		HideSolutionNode = FALSE
	EndGlobalSection
	GlobalSection(ExtensibilityGlobals) = postSolution
		SolutionGuid = {E050BF8E-1DB7-458A-95BC-459C3939994C}
	EndGlobalSection
EndGlobal
